hash: dd6c9d644ab3dbd308db797510ea401c7bd082d92eb568875bf5259b24342561
updated: 2017-04-18T13:19:14.948581433-05:00
imports:
- name: github.com/ansel1/merry
  version: c117be056e0013c04fd7c4141a4dd68672943526
- name: github.com/cjoudrey/gluahttp
  version: b4bfe0c50fea948dcbf3966e120996d6607bbd89
- name: github.com/emicklei/go-restful
  version: cf834cf8da5b681af81bde6fa32304e6ce8eec71
  subpackages:
  - log
- name: github.com/fatih/structs
  version: a720dfa8df582c51dee1b36feabb906bde1588bd
- name: github.com/ghodss/yaml
  version: 73d445a93680fa1a78ae23a5839bad48f32ba1ee
- name: github.com/go-errors/errors
  version: 8fa88b06e5974e97fbf9899a7f86a344bfd1f105
- name: github.com/go-resty/resty
  version: c45c7bcc0000d1a9ac1b119b2e6043c6540eedea
- name: github.com/gorilla/context
  version: 1ea25387ff6f684839d82767c1733ff4d4d15d0a
- name: github.com/gorilla/csrf
  version: 69581736821c33d85bbf378f42f6ad864dbd85de
- name: github.com/gorilla/mux
  version: 392c28fe23e1c45ddba891b0320b3b5df220beea
- name: github.com/gorilla/securecookie
  version: 667fe4e3466a040b780561fe9b51a83a3753eefc
- name: github.com/gorilla/sessions
  version: ca9ada44574153444b00d3fd9c8559e4cc95f896
- name: github.com/hashicorp/errwrap
  version: 7554cd9344cec97297fa6649b055a8c98c2a1e55
- name: github.com/hashicorp/go-cleanhttp
  version: 3573b8b52aa7b37b9358d966a898feb387f62437
- name: github.com/hashicorp/go-multierror
  version: ed905158d87462226a13fe39ddf685ea65f1c11f
- name: github.com/hashicorp/go-rootcerts
  version: 6bb64b370b90e7ef1fa532be9e591a81c3493e00
- name: github.com/hashicorp/hcl
  version: 630949a3c5fa3c613328e1b8256052cbc2327c9b
  subpackages:
  - hcl/ast
  - hcl/parser
  - hcl/scanner
  - hcl/strconv
  - hcl/token
  - json/parser
  - json/scanner
  - json/token
- name: github.com/hashicorp/vault
  version: 614deacfca3f3b7162bbf30a36d6fc7362cd47f0
  subpackages:
  - api
  - helper/compressutil
  - helper/jsonutil
- name: github.com/jpillora/backoff
  version: 06c7a16c845dc8e0bf575fafeeca0f5462f5eb4d
- name: github.com/jpillora/chisel
  version: ef4bd3df29f9a8a8578eb345ff5edf0658af0cc8
  subpackages:
  - share
- name: github.com/levigross/grequests
  version: 3f92c0acb6cd7f2b11aa81f82a33783249fc1bcd
- name: github.com/markbates/goth
  version: 488a04ae13f57b10e55e1a32c8cd62f9cc66c671
- name: github.com/mitchellh/go-homedir
  version: b8bc1bf767474819792c23f32d8286a45736f1c6
- name: github.com/mitchellh/mapstructure
  version: 53818660ed4955e899c0bcafa97299a388bd7c8e
- name: github.com/patrickmn/go-cache
  version: 1881a9bccb818787f68c52bfba648c6cf34c34fa
- name: github.com/pkg/errors
  version: ff09b135c25aae272398c51a07235b90a75aa4f0
- name: github.com/rakyll/statik
  version: 274df120e9065bdd08eb1120e0375e3dc1ae8465
  subpackages:
  - fs
- name: github.com/rs/cors
  version: a62a804a8a009876ca59105f7899938a1349f4b3
- name: github.com/rs/xhandler
  version: ed27b6fd65218132ee50cd95f38474a3d8a2cd12
- name: github.com/sethgrid/pester
  version: 2c5fb962da6113d0968907fd81dba3ca35151d1c
- name: github.com/Sirupsen/logrus
  version: ba1b36c82c5e05c4f912a88eab0dcd91a171688f
- name: github.com/smartystreets/goconvey
  version: d4c757aa9afd1e2fc1832aaab209b5794eb336e1
  subpackages:
  - convey
  - convey/gotest
  - convey/reporting
- name: github.com/stretchr/gomniauth
  version: d89fbe29242917607bee0a8f24279baa0203f975
  subpackages:
  - providers/github
- name: github.com/stretchr/objx
  version: 1a9d0bb9f541897e62256577b352fdbc1fb4fd94
- name: github.com/urfave/cli
  version: 0bdeddeeb0f650497d603c4ad7b20cfe685682f6
- name: github.com/vulcand/oxy
  version: 12aa65630360a8ab1827975bd46491a358094cd9
  subpackages:
  - forward
  - utils
- name: github.com/yuin/gluamapper
  version: d836955830e75240d46ce9f0e6d148d94f2e1d3a
- name: github.com/yuin/gopher-lua
  version: 65fb8eeb2aa6d29a7b654d61afd1a07ce3897cc9
  subpackages:
  - ast
  - parse
  - pm
- name: golang.org/x/crypto
  version: 1f22c0103821b9390939b6776727195525381532
  subpackages:
  - curve25519
  - ssh
- name: golang.org/x/net
  version: f2499483f923065a842d38eb4c7f1927e6fc6e6d
  subpackages:
  - context
  - http2
  - http2/hpack
  - idna
  - lex/httplex
  - publicsuffix
  - websocket
- name: golang.org/x/sys
  version: 99f16d856c9836c42d24e7ab64ea72916925fa97
  subpackages:
  - unix
- name: gopkg.in/yaml.v2
  version: 53feefa2559fb8dfa8d81baad31be332c97d6c77
- name: layeh.com/gopher-json
  version: c128cc74278be889c4381681712931976fe0d88b
- name: layeh.com/gopher-luar
  version: ab3f305945becf90dbde5962755dc044cb78acee
testImports:
- name: github.com/gopherjs/gopherjs
  version: 0cc212b4ef1943b61e894a7d56490575b3216439
  subpackages:
  - js
- name: github.com/jtolds/gls
  version: bb0351aa7eb6f322f32667d51375f26a2bca6628
- name: github.com/moul/http2curl
  version: 4e24498b31dba4683efb9d35c1c8a91e2eda28c8
- name: github.com/parnurzeal/gorequest
  version: a578a48e8d6ca8b01a3b18314c43c6716bb5f5a3
- name: github.com/smartystreets/assertions
  version: c9ee7d9e9a2aeec0bee7c4a516f3e0ad7cb7e558
  subpackages:
  - internal/go-render/render
  - internal/oglematchers
